Microsoft Visual Studio Solution File, Format Version 11.00
# Visual Studio 2008

Project("{11874BC5-D0C6-767D-F3E1-251B959E3339}") = "Reaching The Limit", "Assembly-CSharp.csproj", "{272D3A68-EB03-43C9-629B-4A03F4CE38DA}"
EndProject
Global
	GlobalSection(SolutionConfigurationPlatforms) = preSolution
		Debug|Any CPU = Debug|Any CPU
		Release|Any CPU = Release|Any CPU
	EndGlobalSection
	GlobalSection(ProjectConfigurationPlatforms) = postSolution
		{272D3A68-EB03-43C9-629B-4A03F4CE38DA}.Debug|Any CPU.ActiveCfg = Debug|Any CPU
		{272D3A68-EB03-43C9-629B-4A03F4CE38DA}.Debug|Any CPU.Build.0 = Debug|Any CPU
		{272D3A68-EB03-43C9-629B-4A03F4CE38DA}.Release|Any CPU.ActiveCfg = Release|Any CPU
		{272D3A68-EB03-43C9-629B-4A03F4CE38DA}.Release|Any CPU.Build.0 = Release|Any CPU
	EndGlobalSection
	GlobalSection(SolutionProperties) = preSolution
		HideSolutionNode = FALSE
	EndGlobalSection
	GlobalSection(MonoDevelopProperties) = preSolution
		StartupItem = Assembly-CSharp.csproj
	EndGlobalSection
EndGlobal
